
Microsoft Visual Studio Solution File, Format Version 12.00
# Visual Studio Version 17
VisualStudioVersion = 17.14.36616.10 d17.14
MinimumVisualStudioVersion = 10.0.40219.1
Project("{FAE04EC0-301F-11D3-BF4B-00C04F79EFBC}") = "API.J.Movies", "API.J.Movies.csproj", "{349344C6-C252-807E-35C6-DB5D9036CD3A}"
EndProject
Global
	GlobalSection(SolutionConfigurationPlatforms) = preSolution
		Debug|Any CPU = Debug|Any CPU
		Release|Any CPU = Release|Any CPU
	EndGlobalSection
	GlobalSection(ProjectConfigurationPlatforms) = postSolution
		{349344C6-C252-807E-35C6-DB5D9036CD3A}.Debug|Any CPU.ActiveCfg = Debug|Any CPU
		{349344C6-C252-807E-35C6-DB5D9036CD3A}.Debug|Any CPU.Build.0 = Debug|Any CPU
		{349344C6-C252-807E-35C6-DB5D9036CD3A}.Release|Any CPU.ActiveCfg = Release|Any CPU
		{349344C6-C252-807E-35C6-DB5D9036CD3A}.Release|Any CPU.Build.0 = Release|Any CPU
	EndGlobalSection
	GlobalSection(SolutionProperties) = preSolution
		HideSolutionNode = FALSE
	EndGlobalSection
	GlobalSection(ExtensibilityGlobals) = postSolution
		SolutionGuid = {F13B541E-88BC-4CDC-9A09-37FF2F26B628}
	EndGlobalSection
EndGlobal
